
Microsoft Visual Studio Solution File, Format Version 12.00
# Visual Studio Version 17
VisualStudioVersion = 17.13.36105.23 d17.13
MinimumVisualStudioVersion = 10.0.40219.1
Project("{FAE04EC0-301F-11D3-BF4B-00C04F79EFBC}") = "fukuv0516", "fukuv0516\fukuv0516.csproj", "{7403A0BE-D48F-44D3-B514-4B362C37BBF4}"
EndProject
Global
	GlobalSection(SolutionConfigurationPlatforms) = preSolution
		Debug|Any CPU = Debug|Any CPU
		Release|Any CPU = Release|Any CPU
	EndGlobalSection
	GlobalSection(ProjectConfigurationPlatforms) = postSolution
		{7403A0BE-D48F-44D3-B514-4B362C37BBF4}.Debug|Any CPU.ActiveCfg = Debug|Any CPU
		{7403A0BE-D48F-44D3-B514-4B362C37BBF4}.Debug|Any CPU.Build.0 = Debug|Any CPU
		{7403A0BE-D48F-44D3-B514-4B362C37BBF4}.Release|Any CPU.ActiveCfg = Release|Any CPU
		{7403A0BE-D48F-44D3-B514-4B362C37BBF4}.Release|Any CPU.Build.0 = Release|Any CPU
	EndGlobalSection
	GlobalSection(SolutionProperties) = preSolution
		HideSolutionNode = FALSE
	EndGlobalSection
	GlobalSection(ExtensibilityGlobals) = postSolution
		SolutionGuid = {C2BDA1E0-D822-479F-A47F-F8048B86CC3F}
	EndGlobalSection
EndGlobal
